PODS:
  - Firebase/CoreOnly (7.8.1):
    - FirebaseCore (= 7.8.0)
  - Firebase/Database (7.8.1):
    - Firebase/CoreOnly
    - FirebaseDatabase (~> 7.8.0)
  - FirebaseCore (7.8.0):
    - FirebaseCoreDiagnostics (~> 7.4)
    - GoogleUtilities/Environment (~> 7.0)
    - GoogleUtilities/Logger (~> 7.0)
  - FirebaseCoreDiagnostics (7.8.0):
    - GoogleDataTransport (~> 8.0)
    - GoogleUtilities/Environment (~> 7.0)
    - GoogleUtilities/Logger (~> 7.0)
    - nanopb (~> 2.30907.0)
  - FirebaseDatabase (7.8.0):
    - FirebaseCore (~> 7.0)
    - leveldb-library (~> 1.22)
  - GoogleDataTransport (8.3.0):
    - GoogleUtilities/Environment (~> 7.2)
    - nanopb (~> 2.30907.0)
    - PromisesObjC (~> 1.2)
  - GoogleUtilities/Environment (7.3.1):
    - PromisesObjC (~> 1.2)
  - GoogleUtilities/Logger (7.3.1):
    - GoogleUtilities/Environment
  - leveldb-library (1.22.1)
  - nanopb (2.30907.0):
    - nanopb/decode (= 2.30907.0)
    - nanopb/encode (= 2.30907.0)
  - nanopb/decode (2.30907.0)
  - nanopb/encode (2.30907.0)
  - PromisesObjC (1.2.12)

DEPENDENCIES:
  - Firebase/Database

SPEC REPOS:
  trunk:
    - Firebase
    - FirebaseCore
    - FirebaseCoreDiagnostics
    - FirebaseDatabase
    - GoogleDataTransport
    - GoogleUtilities
    - leveldb-library
    - nanopb
    - PromisesObjC

SPEC CHECKSUMS:
  Firebase: d59ad4129167f9f0d2a4f6c1f0c462254b6002c8
  FirebaseCore: 049029df3096e5c118917029be7da75ee16f3b1b
  FirebaseCoreDiagnostics: 066f996579cf097bdad3d7dc9a918d6b9e129c50
  FirebaseDatabase: f909d1448d4e7c4f5ef5acd1b8095f4bea9813ca
  GoogleDataTransport: b006084b73915a42c28a3466961a4edda3065da6
  GoogleUtilities: e1d9ed4e544fc32a93e00e721400cbc3f377200d
  leveldb-library: 50c7b45cbd7bf543c81a468fe557a16ae3db8729
  nanopb: 59221d7f958fb711001e6a449489542d92ae113e
  PromisesObjC: 3113f7f76903778cf4a0586bd1ab89329a0b7b97

PODFILE CHECKSUM: 7aee2fc5312ab21c93bd598eb5b26902dbc03726

COCOAPODS: 1.10.1
