PODS:
  - Firebase/CoreOnly (10.12.0):
    - FirebaseCore (= 10.12.0)
  - Firebase/Database (10.12.0):
    - Firebase/CoreOnly
    - FirebaseDatabase (~> 10.12.0)
  - FirebaseCore (10.12.0):
    - FirebaseCoreInternal (~> 10.0)
    - GoogleUtilities/Environment (~> 7.8)
    - GoogleUtilities/Logger (~> 7.8)
  - FirebaseCoreInternal (10.12.0):
    - "GoogleUtilities/NSData+zlib (~> 7.8)"
  - FirebaseDatabase (10.12.0):
    - FirebaseCore (~> 10.0)
    - leveldb-library (~> 1.22)
  - GeoFire (4.4.0):
    - GeoFire/Database (= 4.4.0)
  - GeoFire/Database (4.4.0):
    - Firebase/Database (< 12.0.0, > 7.0.0)
    - GeoFire/Utils
  - GeoFire/Utils (4.4.0)
  - GoogleUtilities/Environment (7.11.1):
    - PromisesObjC (< 3.0, >= 1.2)
  - GoogleUtilities/Logger (7.11.1):
    - GoogleUtilities/Environment
  - "GoogleUtilities/NSData+zlib (7.11.1)"
  - leveldb-library (1.22.2)
  - PromisesObjC (2.2.0)

DEPENDENCIES:
  - GeoFire (from `../../`)

SPEC REPOS:
  trunk:
    - Firebase
    - FirebaseCore
    - FirebaseCoreInternal
    - FirebaseDatabase
    - GoogleUtilities
    - leveldb-library
    - PromisesObjC

EXTERNAL SOURCES:
  GeoFire:
    :path: "../../"

SPEC CHECKSUMS:
  Firebase: 07150e75d142fb9399f6777fa56a187b17f833a0
  FirebaseCore: f86a1394906b97ac445ae49c92552a9425831bed
  FirebaseCoreInternal: 950500ad8a08963657f6d8c67b579740c06d6aa1
  FirebaseDatabase: 6d998d7ef2c1723b3e798a85e61a7dc0504b1ea0
  GeoFire: bfcf7b1ff8b4287bd851d119c8a3810b7b2fd17c
  GoogleUtilities: 9aa0ad5a7bc171f8bae016300bfcfa3fb8425749
  leveldb-library: f03246171cce0484482ec291f88b6d563699ee06
  PromisesObjC: 09985d6d70fbe7878040aa746d78236e6946d2ef

PODFILE CHECKSUM: 9cdbb6e5df071d56d4f101aec3a0135ca2e9956b

COCOAPODS: 1.12.1
