PODS:
  - Firebase/CoreOnly (11.1.0):
    - FirebaseCore (= 11.1.0)
  - Firebase/Database (11.1.0):
    - Firebase/CoreOnly
    - FirebaseDatabase (~> 11.1.0)
  - FirebaseAppCheckInterop (11.1.0)
  - FirebaseCore (11.1.0):
    - FirebaseCoreInternal (~> 11.0)
    - GoogleUtilities/Environment (~> 8.0)
    - GoogleUtilities/Logger (~> 8.0)
  - FirebaseCoreInternal (11.1.0):
    - "GoogleUtilities/NSData+zlib (~> 8.0)"
  - FirebaseDatabase (11.1.0):
    - FirebaseAppCheckInterop (~> 11.0)
    - FirebaseCore (~> 11.0)
    - FirebaseSharedSwift (~> 11.0)
    - GoogleUtilities/UserDefaults (~> 8.0)
    - leveldb-library (~> 1.22)
  - FirebaseSharedSwift (11.1.0)
  - GeoFire (5.0.0):
    - GeoFire/Database (= 5.0.0)
  - GeoFire/Database (5.0.0):
    - Firebase/Database (< 12.0.0, > 7.0.0)
    - GeoFire/Utils
  - GeoFire/Utils (5.0.0)
  - GoogleUtilities/Environment (8.0.2):
    - GoogleUtilities/Privacy
  - GoogleUtilities/Logger (8.0.2):
    - GoogleUtilities/Environment
    - GoogleUtilities/Privacy
  - "GoogleUtilities/NSData+zlib (8.0.2)":
    - GoogleUtilities/Privacy
  - GoogleUtilities/Privacy (8.0.2)
  - GoogleUtilities/UserDefaults (8.0.2):
    - GoogleUtilities/Logger
    - GoogleUtilities/Privacy
  - leveldb-library (1.22.5)

DEPENDENCIES:
  - GeoFire (from `../../`)

SPEC REPOS:
  trunk:
    - Firebase
    - FirebaseAppCheckInterop
    - FirebaseCore
    - FirebaseCoreInternal
    - FirebaseDatabase
    - FirebaseSharedSwift
    - GoogleUtilities
    - leveldb-library

EXTERNAL SOURCES:
  GeoFire:
    :path: "../../"

SPEC CHECKSUMS:
  Firebase: fdb3bd378401f26a7adfcf446b0a630f8c20c0e8
  FirebaseAppCheckInterop: e59b52f2c0e188e6ba77b9e3f6acead2117f2abf
  FirebaseCore: 6e2a2782e234b14d48e880ed369ac55cda87fed7
  FirebaseCoreInternal: adefedc9a88dbe393c4884640a73ec9e8e790f8c
  FirebaseDatabase: 97244835d8566e28a001f74b6d5c12e4aed622a3
  FirebaseSharedSwift: 260a35e08943ec810d820a70bc0359136351d0c5
  GeoFire: a579ffdcdcf6fe74ef9efd7f887d4082598d6d1f
  GoogleUtilities: 26a3abef001b6533cf678d3eb38fd3f614b7872d
  leveldb-library: e8eadf9008a61f9e1dde3978c086d2b6d9b9dc28

PODFILE CHECKSUM: a6ee8eae42cf0d0b26cadc991b4f001c56751e7d

COCOAPODS: 1.15.2
