// !$*UTF8*$!
{
	archiveVersion = 1;
	classes = {
	};
	objectVersion = 50;
	objects = {

/* Begin PBXBuildFile section */
		38FC6CB01CFBE57C002AB722 /* GeoFireTest.m in Sources */ = {isa = PBXBuildFile; fileRef = FB8C8845196D55630061AC0F /* GeoFireTest.m */; };
		38FC6CB71CFBF907002AB722 /* GFQueryTest.m in Sources */ = {isa = PBXBuildFile; fileRef = FB8C884B196D93E10061AC0F /* GFQueryTest.m */; };
		6BEF7C24CC872BF448A38A08 /* Pods_GeoFire.framework in Frameworks */ = {isa = PBXBuildFile; fileRef = B2A0F34665A098DBFD058BB7 /* Pods_GeoFire.framework */; };
		88E2DDBA2555A0CB0074B534 /* GFUtils.m in Sources */ = {isa = PBXBuildFile; fileRef = 88E2DDB92555A0CB0074B534 /* GFUtils.m */; };
		88E2DDBF2555A1D10074B534 /* GFUtils.h in Headers */ = {isa = PBXBuildFile; fileRef = 88E2DDBE2555A0E10074B534 /* GFUtils.h */; settings = {ATTRIBUTES = (Public, ); }; };
		88FE4170255ADAB8007CD30B /* GFUtilsTest.m in Sources */ = {isa = PBXBuildFile; fileRef = 88FE416F255ADAB8007CD30B /* GFUtilsTest.m */; };
		88FE4191255AEE00007CD30B /* GFGeoQueryBounds.m in Sources */ = {isa = PBXBuildFile; fileRef = 88FE4190255AEE00007CD30B /* GFGeoQueryBounds.m */; };
		88FE419A255AF19D007CD30B /* GFGeoQueryBounds.h in Headers */ = {isa = PBXBuildFile; fileRef = 88FE4196255AEE74007CD30B /* GFGeoQueryBounds.h */; };
		8AED1D3F9A39C9CF90BA0507 /* Pods_GeoFireTests.framework in Frameworks */ = {isa = PBXBuildFile; fileRef = 6377B790CCD903BBDCE21124 /* Pods_GeoFireTests.framework */; };
		8D8A0C2A22BAB2E30052675A /* GeoFire.h in Headers */ = {isa = PBXBuildFile; fileRef = FBA358C419655FED00A86282 /* GeoFire.h */; settings = {ATTRIBUTES = (Public, ); }; };
		8D8A0C4022BAD8120052675A /* GeoFire_framework.h in Headers */ = {isa = PBXBuildFile; fileRef = 8D8A0C3222BAD8120052675A /* GeoFire_framework.h */; settings = {ATTRIBUTES = (Public, ); }; };
		FB3B32BF196FF07000E47633 /* GFCircleQuery.h in Headers */ = {isa = PBXBuildFile; fileRef = FB3B32BD196FF07000E47633 /* GFCircleQuery.h */; settings = {ATTRIBUTES = (Public, ); }; };
		FB3B32C4197001C500E47633 /* GFRegionQuery.h in Headers */ = {isa = PBXBuildFile; fileRef = FB3B32C1196FF27600E47633 /* GFRegionQuery.h */; settings = {ATTRIBUTES = (Public, ); }; };
		FB8C8832196D52200061AC0F /* CoreLocation.framework in Frameworks */ = {isa = PBXBuildFile; fileRef = FBA358E91965659A00A86282 /* CoreLocation.framework */; };
		FB8C8849196D561D0061AC0F /* TestHelpers.m in Sources */ = {isa = PBXBuildFile; fileRef = FB8C8848196D561D0061AC0F /* TestHelpers.m */; };
		FB8C884F196D96180061AC0F /* GFRealDataTest.m in Sources */ = {isa = PBXBuildFile; fileRef = FB8C884E196D96180061AC0F /* GFRealDataTest.m */; };
		FBA358C019655FED00A86282 /* Foundation.framework in Frameworks */ = {isa = PBXBuildFile; fileRef = FBA358BF19655FED00A86282 /* Foundation.framework */; };
		FBA358C719655FED00A86282 /* GeoFire.m in Sources */ = {isa = PBXBuildFile; fileRef = FBA358C619655FED00A86282 /* GeoFire.m */; };
		FBA358CE19655FED00A86282 /* XCTest.framework in Frameworks */ = {isa = PBXBuildFile; fileRef = FBA358CD19655FED00A86282 /* XCTest.framework */; };
		FBA358CF19655FED00A86282 /* Foundation.framework in Frameworks */ = {isa = PBXBuildFile; fileRef = FBA358BF19655FED00A86282 /* Foundation.framework */; };
		FBA358D119655FED00A86282 /* UIKit.framework in Frameworks */ = {isa = PBXBuildFile; fileRef = FBA358D019655FED00A86282 /* UIKit.framework */; };
		FBA358D419655FED00A86282 /* libGeoFire.a in Frameworks */ = {isa = PBXBuildFile; fileRef = FBA358BC19655FED00A86282 /* libGeoFire.a */; };
		FBA358DA19655FED00A86282 /* InfoPlist.strings in Resources */ = {isa = PBXBuildFile; fileRef = FBA358D819655FED00A86282 /* InfoPlist.strings */; };
		FBA358EA1965659A00A86282 /* CoreLocation.framework in Frameworks */ = {isa = PBXBuildFile; fileRef = FBA358E91965659A00A86282 /* CoreLocation.framework */; };
		FBA358ED1965683400A86282 /* GFQuery.h in Headers */ = {isa = PBXBuildFile; fileRef = FBA358EB1965683400A86282 /* GFQuery.h */; settings = {ATTRIBUTES = (Public, ); }; };
		FBA358EE1965683400A86282 /* GFQuery.m in Sources */ = {isa = PBXBuildFile; fileRef = FBA358EC1965683400A86282 /* GFQuery.m */; };
		FBA358F1196573A700A86282 /* GFGeoHash.h in Headers */ = {isa = PBXBuildFile; fileRef = FBA358EF196573A700A86282 /* GFGeoHash.h */; };
		FBA358F2196573A700A86282 /* GFGeoHash.m in Sources */ = {isa = PBXBuildFile; fileRef = FBA358F0196573A700A86282 /* GFGeoHash.m */; };
		FBA358F51965797C00A86282 /* GFGeoHashTest.m in Sources */ = {isa = PBXBuildFile; fileRef = FBA358F41965797C00A86282 /* GFGeoHashTest.m */; };
		FBA3590E1965CAE800A86282 /* GFQuery+Private.h in Headers */ = {isa = PBXBuildFile; fileRef = FBA3590C1965CAE800A86282 /* GFQuery+Private.h */; };
		FBA35912196A978100A86282 /* GFGeoHashQuery.h in Headers */ = {isa = PBXBuildFile; fileRef = FBA35910196A978100A86282 /* GFGeoHashQuery.h */; };
		FBA35913196A978100A86282 /* GFGeoHashQuery.m in Sources */ = {isa = PBXBuildFile; fileRef = FBA35911196A978100A86282 /* GFGeoHashQuery.m */; };
		FBA35919196AA43100A86282 /* GFBase32Utils.h in Headers */ = {isa = PBXBuildFile; fileRef = FBA35917196AA43100A86282 /* GFBase32Utils.h */; };
		FBA3591A196AA43100A86282 /* GFBase32Utils.m in Sources */ = {isa = PBXBuildFile; fileRef = FBA35918196AA43100A86282 /* GFBase32Utils.m */; };
		FBA3591C196AAB6500A86282 /* GFGeoHashQueryTest.m in Sources */ = {isa = PBXBuildFile; fileRef = FBA3591B196AAB6500A86282 /* GFGeoHashQueryTest.m */; };
/* End PBXBuildFile section */

/* Begin PBXContainerItemProxy section */
		8D8A0C4722BAD8200052675A /* PBXContainerItemProxy */ = {
			isa = PBXContainerItemProxy;
			containerPortal = FBA358B419655FED00A86282 /* Project object */;
			proxyType = 1;
			remoteGlobalIDString = FBA358BB19655FED00A86282;
			remoteInfo = GeoFire;
		};
		FBA358D219655FED00A86282 /* PBXContainerItemProxy */ = {
			isa = PBXContainerItemProxy;
			containerPortal = FBA358B419655FED00A86282 /* Project object */;
			proxyType = 1;
			remoteGlobalIDString = FBA358BB19655FED00A86282;
			remoteInfo = GeoFire;
		};
/* End PBXContainerItemProxy section */

/* Begin PBXCopyFilesBuildPhase section */
		FBA358BA19655FED00A86282 /* CopyFiles */ = {
			isa = PBXCopyFilesBuildPhase;
			buildActionMask = 2147483647;
			dstPath = "include/$(PRODUCT_NAME)";
			dstSubfolderSpec = 16;
			files = (
			);
			runOnlyForDeploymentPostprocessing = 0;
		};
/* End PBXCopyFilesBuildPhase section */

/* Begin PBXFileReference section */
		175CE9FEE1AB366D88F05A39 /* Pods-GeoFireTests.release.xcconfig */ = {isa = PBXFileReference; includeInIndex = 1; lastKnownFileType = text.xcconfig; name = "Pods-GeoFireTests.release.xcconfig"; path = "Target Support Files/Pods-GeoFireTests/Pods-GeoFireTests.release.xcconfig"; sourceTree = "<group>"; };
		6377B790CCD903BBDCE21124 /* Pods_GeoFireTests.framework */ = {isa = PBXFileReference; explicitFileType = wrapper.framework; includeInIndex = 0; path = Pods_GeoFireTests.framework; sourceTree = BUILT_PRODUCTS_DIR; };
		8160AC726231A16E7A6C7902 /* Pods-GeoFireTests.debug.xcconfig */ = {isa = PBXFileReference; includeInIndex = 1; lastKnownFileType = text.xcconfig; name = "Pods-GeoFireTests.debug.xcconfig"; path = "Target Support Files/Pods-GeoFireTests/Pods-GeoFireTests.debug.xcconfig"; sourceTree = "<group>"; };
		88E2DDB92555A0CB0074B534 /* GFUtils.m */ = {isa = PBXFileReference; lastKnownFileType = sourcecode.c.objc; path = GFUtils.m; sourceTree = "<group>"; };
		88E2DDBE2555A0E10074B534 /* GFUtils.h */ = {isa = PBXFileReference; lastKnownFileType = sourcecode.c.h; path = GFUtils.h; sourceTree = "<group>"; };
		88FE416F255ADAB8007CD30B /* GFUtilsTest.m */ = {isa = PBXFileReference; lastKnownFileType = sourcecode.c.objc; path = GFUtilsTest.m; sourceTree = "<group>"; };
		88FE4190255AEE00007CD30B /* GFGeoQueryBounds.m */ = {isa = PBXFileReference; lastKnownFileType = sourcecode.c.objc; path = GFGeoQueryBounds.m; sourceTree = "<group>"; };
		88FE4196255AEE74007CD30B /* GFGeoQueryBounds.h */ = {isa = PBXFileReference; lastKnownFileType = sourcecode.c.h; path = GFGeoQueryBounds.h; sourceTree = "<group>"; };
		8D8A0C3022BAD8120052675A /* GeoFire_framework.framework */ = {isa = PBXFileReference; explicitFileType = wrapper.framework; includeInIndex = 0; path = GeoFire_framework.framework; sourceTree = BUILT_PRODUCTS_DIR; };
		8D8A0C3222BAD8120052675A /* GeoFire_framework.h */ = {isa = PBXFileReference; lastKnownFileType = sourcecode.c.h; path = GeoFire_framework.h; sourceTree = "<group>"; };
		8D8A0C3322BAD8120052675A /* Info.plist */ = {isa = PBXFileReference; lastKnownFileType = text.plist.xml; path = Info.plist; sourceTree = "<group>"; };
		8D8A0C3D22BAD8120052675A /* GeoFire_frameworkTests.m */ = {isa = PBXFileReference; lastKnownFileType = sourcecode.c.objc; path = GeoFire_frameworkTests.m; sourceTree = "<group>"; };
		8D8A0C3F22BAD8120052675A /* Info.plist */ = {isa = PBXFileReference; lastKnownFileType = text.plist.xml; path = Info.plist; sourceTree = "<group>"; };
		9FBDD33A8C895D2A5F756916 /* Pods-GeoFire.release.xcconfig */ = {isa = PBXFileReference; includeInIndex = 1; lastKnownFileType = text.xcconfig; name = "Pods-GeoFire.release.xcconfig"; path = "Target Support Files/Pods-GeoFire/Pods-GeoFire.release.xcconfig"; sourceTree = "<group>"; };
		A38E76CC7DA12FC1F1CB8532 /* Pods-GeoFire.debug.xcconfig */ = {isa = PBXFileReference; includeInIndex = 1; lastKnownFileType = text.xcconfig; name = "Pods-GeoFire.debug.xcconfig"; path = "Target Support Files/Pods-GeoFire/Pods-GeoFire.debug.xcconfig"; sourceTree = "<group>"; };
		B2A0F34665A098DBFD058BB7 /* Pods_GeoFire.framework */ = {isa = PBXFileReference; explicitFileType = wrapper.framework; includeInIndex = 0; path = Pods_GeoFire.framework; sourceTree = BUILT_PRODUCTS_DIR; };
		FB3B32BD196FF07000E47633 /* GFCircleQuery.h */ = {isa = PBXFileReference; fileEncoding = 4; lastKnownFileType = sourcecode.c.h; path = GFCircleQuery.h; sourceTree = "<group>"; };
		FB3B32C1196FF27600E47633 /* GFRegionQuery.h */ = {isa = PBXFileReference; lastKnownFileType = sourcecode.c.h; path = GFRegionQuery.h; sourceTree = "<group>"; };
		FB8C8845196D55630061AC0F /* GeoFireTest.m */ = {isa = PBXFileReference; fileEncoding = 4; lastKnownFileType = sourcecode.c.objc; path = GeoFireTest.m; sourceTree = "<group>"; };
		FB8C8847196D561D0061AC0F /* TestHelpers.h */ = {isa = PBXFileReference; fileEncoding = 4; lastKnownFileType = sourcecode.c.h; path = TestHelpers.h; sourceTree = "<group>"; };
		FB8C8848196D561D0061AC0F /* TestHelpers.m */ = {isa = PBXFileReference; fileEncoding = 4; lastKnownFileType = sourcecode.c.objc; path = TestHelpers.m; sourceTree = "<group>"; };
		FB8C884B196D93E10061AC0F /* GFQueryTest.m */ = {isa = PBXFileReference; fileEncoding = 4; lastKnownFileType = sourcecode.c.objc; path = GFQueryTest.m; sourceTree = "<group>"; };
		FB8C884D196D96180061AC0F /* GFRealDataTest.h */ = {isa = PBXFileReference; fileEncoding = 4; lastKnownFileType = sourcecode.c.h; path = GFRealDataTest.h; sourceTree = "<group>"; };
		FB8C884E196D96180061AC0F /* GFRealDataTest.m */ = {isa = PBXFileReference; fileEncoding = 4; lastKnownFileType = sourcecode.c.objc; path = GFRealDataTest.m; sourceTree = "<group>"; };
		FBA358BC19655FED00A86282 /* libGeoFire.a */ = {isa = PBXFileReference; explicitFileType = archive.ar; includeInIndex = 0; path = libGeoFire.a; sourceTree = BUILT_PRODUCTS_DIR; };
		FBA358BF19655FED00A86282 /* Foundation.framework */ = {isa = PBXFileReference; lastKnownFileType = wrapper.framework; name = Foundation.framework; path = System/Library/Frameworks/Foundation.framework; sourceTree = SDKROOT; };
		FBA358C319655FED00A86282 /* GeoFire-Prefix.pch */ = {isa = PBXFileReference; lastKnownFileType = sourcecode.c.h; path = "GeoFire-Prefix.pch"; sourceTree = "<group>"; };
		FBA358C419655FED00A86282 /* GeoFire.h */ = {isa = PBXFileReference; lastKnownFileType = sourcecode.c.h; path = GeoFire.h; sourceTree = "<group>"; };
		FBA358C619655FED00A86282 /* GeoFire.m */ = {isa = PBXFileReference; lastKnownFileType = sourcecode.c.objc; path = GeoFire.m; sourceTree = "<group>"; };
		FBA358CC19655FED00A86282 /* GeoFireTests.xctest */ = {isa = PBXFileReference; explicitFileType = wrapper.cfbundle; includeInIndex = 0; path = GeoFireTests.xctest; sourceTree = BUILT_PRODUCTS_DIR; };
		FBA358CD19655FED00A86282 /* XCTest.framework */ = {isa = PBXFileReference; lastKnownFileType = wrapper.framework; name = XCTest.framework; path = Library/Frameworks/XCTest.framework; sourceTree = DEVELOPER_DIR; };
		FBA358D019655FED00A86282 /* UIKit.framework */ = {isa = PBXFileReference; lastKnownFileType = wrapper.framework; name = UIKit.framework; path = Library/Frameworks/UIKit.framework; sourceTree = DEVELOPER_DIR; };
		FBA358D919655FED00A86282 /* en */ = {isa = PBXFileReference; lastKnownFileType = text.plist.strings; name = en; path = en.lproj/InfoPlist.strings; sourceTree = "<group>"; };
		FBA358E91965659A00A86282 /* CoreLocation.framework */ = {isa = PBXFileReference; lastKnownFileType = wrapper.framework; name = CoreLocation.framework; path = System/Library/Frameworks/CoreLocation.framework; sourceTree = SDKROOT; };
		FBA358EB1965683400A86282 /* GFQuery.h */ = {isa = PBXFileReference; fileEncoding = 4; lastKnownFileType = sourcecode.c.h; path = GFQuery.h; sourceTree = "<group>"; };
		FBA358EC1965683400A86282 /* GFQuery.m */ = {isa = PBXFileReference; fileEncoding = 4; lastKnownFileType = sourcecode.c.objc; path = GFQuery.m; sourceTree = "<group>"; };
		FBA358EF196573A700A86282 /* GFGeoHash.h */ = {isa = PBXFileReference; fileEncoding = 4; lastKnownFileType = sourcecode.c.h; path = GFGeoHash.h; sourceTree = "<group>"; };
		FBA358F0196573A700A86282 /* GFGeoHash.m */ = {isa = PBXFileReference; fileEncoding = 4; lastKnownFileType = sourcecode.c.objc; path = GFGeoHash.m; sourceTree = "<group>"; };
		FBA358F41965797C00A86282 /* GFGeoHashTest.m */ = {isa = PBXFileReference; fileEncoding = 4; lastKnownFileType = sourcecode.c.objc; path = GFGeoHashTest.m; sourceTree = "<group>"; };
		FBA3590C1965CAE800A86282 /* GFQuery+Private.h */ = {isa = PBXFileReference; fileEncoding = 4; lastKnownFileType = sourcecode.c.h; path = "GFQuery+Private.h"; sourceTree = "<group>"; };
		FBA35910196A978100A86282 /* GFGeoHashQuery.h */ = {isa = PBXFileReference; fileEncoding = 4; lastKnownFileType = sourcecode.c.h; path = GFGeoHashQuery.h; sourceTree = "<group>"; };
		FBA35911196A978100A86282 /* GFGeoHashQuery.m */ = {isa = PBXFileReference; fileEncoding = 4; lastKnownFileType = sourcecode.c.objc; path = GFGeoHashQuery.m; sourceTree = "<group>"; };
		FBA35917196AA43100A86282 /* GFBase32Utils.h */ = {isa = PBXFileReference; fileEncoding = 4; lastKnownFileType = sourcecode.c.h; path = GFBase32Utils.h; sourceTree = "<group>"; };
		FBA35918196AA43100A86282 /* GFBase32Utils.m */ = {isa = PBXFileReference; fileEncoding = 4; lastKnownFileType = sourcecode.c.objc; path = GFBase32Utils.m; sourceTree = "<group>"; };
		FBA3591B196AAB6500A86282 /* GFGeoHashQueryTest.m */ = {isa = PBXFileReference; fileEncoding = 4; lastKnownFileType = sourcecode.c.objc; path = GFGeoHashQueryTest.m; sourceTree = "<group>"; };
		FBBC43C2196ADB0100C0CAA5 /* GeoFire+Private.h */ = {isa = PBXFileReference; lastKnownFileType = sourcecode.c.h; path = "GeoFire+Private.h"; sourceTree = "<group>"; };
/* End PBXFileReference section */

/* Begin PBXFrameworksBuildPhase section */
		8D8A0C2D22BAD8120052675A /* Frameworks */ = {
			isa = PBXFrameworksBuildPhase;
			buildActionMask = 2147483647;
			files = (
			);
			runOnlyForDeploymentPostprocessing = 0;
		};
		FBA358B919655FED00A86282 /* Frameworks */ = {
			isa = PBXFrameworksBuildPhase;
			buildActionMask = 2147483647;
			files = (
				FBA358EA1965659A00A86282 /* CoreLocation.framework in Frameworks */,
				FBA358C019655FED00A86282 /* Foundation.framework in Frameworks */,
				6BEF7C24CC872BF448A38A08 /* Pods_GeoFire.framework in Frameworks */,
			);
			runOnlyForDeploymentPostprocessing = 0;
		};
		FBA358C919655FED00A86282 /* Frameworks */ = {
			isa = PBXFrameworksBuildPhase;
			buildActionMask = 2147483647;
			files = (
				FB8C8832196D52200061AC0F /* CoreLocation.framework in Frameworks */,
				FBA358CE19655FED00A86282 /* XCTest.framework in Frameworks */,
				FBA358D119655FED00A86282 /* UIKit.framework in Frameworks */,
				FBA358CF19655FED00A86282 /* Foundation.framework in Frameworks */,
				FBA358D419655FED00A86282 /* libGeoFire.a in Frameworks */,
				8AED1D3F9A39C9CF90BA0507 /* Pods_GeoFireTests.framework in Frameworks */,
			);
			runOnlyForDeploymentPostprocessing = 0;
		};
/* End PBXFrameworksBuildPhase section */

/* Begin PBXGroup section */
		8D8A0C3122BAD8120052675A /* GeoFire-framework */ = {
			isa = PBXGroup;
			children = (
				8D8A0C3222BAD8120052675A /* GeoFire_framework.h */,
				8D8A0C3322BAD8120052675A /* Info.plist */,
			);
			path = "GeoFire-framework";
			sourceTree = "<group>";
		};
		8D8A0C3C22BAD8120052675A /* GeoFire-frameworkTests */ = {
			isa = PBXGroup;
			children = (
				8D8A0C3D22BAD8120052675A /* GeoFire_frameworkTests.m */,
				8D8A0C3F22BAD8120052675A /* Info.plist */,
			);
			path = "GeoFire-frameworkTests";
			sourceTree = "<group>";
		};
		E46957980046F22A570AA7E1 /* Pods */ = {
			isa = PBXGroup;
			children = (
				A38E76CC7DA12FC1F1CB8532 /* Pods-GeoFire.debug.xcconfig */,
				9FBDD33A8C895D2A5F756916 /* Pods-GeoFire.release.xcconfig */,
				8160AC726231A16E7A6C7902 /* Pods-GeoFireTests.debug.xcconfig */,
				175CE9FEE1AB366D88F05A39 /* Pods-GeoFireTests.release.xcconfig */,
			);
			path = Pods;
			sourceTree = "<group>";
		};
		FB8C87EC196AF5810061AC0F /* API */ = {
			isa = PBXGroup;
			children = (
				FBA358C419655FED00A86282 /* GeoFire.h */,
				FBA358EB1965683400A86282 /* GFQuery.h */,
				FB3B32BD196FF07000E47633 /* GFCircleQuery.h */,
				FB3B32C1196FF27600E47633 /* GFRegionQuery.h */,
				88E2DDBE2555A0E10074B534 /* GFUtils.h */,
			);
			path = API;
			sourceTree = "<group>";
		};
		FB8C87ED196AF5960061AC0F /* Implementation */ = {
			isa = PBXGroup;
			children = (
				FBBC43C2196ADB0100C0CAA5 /* GeoFire+Private.h */,
				FBA358C619655FED00A86282 /* GeoFire.m */,
				FBA3590C1965CAE800A86282 /* GFQuery+Private.h */,
				FBA358EC1965683400A86282 /* GFQuery.m */,
				FBA35917196AA43100A86282 /* GFBase32Utils.h */,
				FBA35918196AA43100A86282 /* GFBase32Utils.m */,
				FBA358EF196573A700A86282 /* GFGeoHash.h */,
				FBA358F0196573A700A86282 /* GFGeoHash.m */,
				FBA35910196A978100A86282 /* GFGeoHashQuery.h */,
				FBA35911196A978100A86282 /* GFGeoHashQuery.m */,
				88E2DDB92555A0CB0074B534 /* GFUtils.m */,
				88FE4196255AEE74007CD30B /* GFGeoQueryBounds.h */,
				88FE4190255AEE00007CD30B /* GFGeoQueryBounds.m */,
			);
			path = Implementation;
			sourceTree = "<group>";
		};
		FBA358B319655FED00A86282 = {
			isa = PBXGroup;
			children = (
				FBA358C119655FED00A86282 /* GeoFire */,
				FBA358D519655FED00A86282 /* GeoFireTests */,
				8D8A0C3122BAD8120052675A /* GeoFire-framework */,
				8D8A0C3C22BAD8120052675A /* GeoFire-frameworkTests */,
				FBA358BE19655FED00A86282 /* Frameworks */,
				FBA358BD19655FED00A86282 /* Products */,
				E46957980046F22A570AA7E1 /* Pods */,
			);
			sourceTree = "<group>";
		};
		FBA358BD19655FED00A86282 /* Products */ = {
			isa = PBXGroup;
			children = (
				FBA358BC19655FED00A86282 /* libGeoFire.a */,
				FBA358CC19655FED00A86282 /* GeoFireTests.xctest */,
				8D8A0C3022BAD8120052675A /* GeoFire_framework.framework */,
			);
			name = Products;
			sourceTree = "<group>";
		};
		FBA358BE19655FED00A86282 /* Frameworks */ = {
			isa = PBXGroup;
			children = (
				FBA358E91965659A00A86282 /* CoreLocation.framework */,
				FBA358BF19655FED00A86282 /* Foundation.framework */,
				FBA358CD19655FED00A86282 /* XCTest.framework */,
				FBA358D019655FED00A86282 /* UIKit.framework */,
				B2A0F34665A098DBFD058BB7 /* Pods_GeoFire.framework */,
				6377B790CCD903BBDCE21124 /* Pods_GeoFireTests.framework */,
			);
			name = Frameworks;
			sourceTree = "<group>";
		};
		FBA358C119655FED00A86282 /* GeoFire */ = {
			isa = PBXGroup;
			children = (
				FB8C87ED196AF5960061AC0F /* Implementation */,
				FB8C87EC196AF5810061AC0F /* API */,
				FBA358C219655FED00A86282 /* Supporting Files */,
			);
			path = GeoFire;
			sourceTree = "<group>";
		};
		FBA358C219655FED00A86282 /* Supporting Files */ = {
			isa = PBXGroup;
			children = (
				FBA358C319655FED00A86282 /* GeoFire-Prefix.pch */,
			);
			name = "Supporting Files";
			sourceTree = "<group>";
		};
		FBA358D519655FED00A86282 /* GeoFireTests */ = {
			isa = PBXGroup;
			children = (
				FB8C8845196D55630061AC0F /* GeoFireTest.m */,
				FB8C884B196D93E10061AC0F /* GFQueryTest.m */,
				FBA3591B196AAB6500A86282 /* GFGeoHashQueryTest.m */,
				FBA358F41965797C00A86282 /* GFGeoHashTest.m */,
				88FE416F255ADAB8007CD30B /* GFUtilsTest.m */,
				FB8C8847196D561D0061AC0F /* TestHelpers.h */,
				FB8C8848196D561D0061AC0F /* TestHelpers.m */,
				FB8C884D196D96180061AC0F /* GFRealDataTest.h */,
				FB8C884E196D96180061AC0F /* GFRealDataTest.m */,
				FBA358D619655FED00A86282 /* Supporting Files */,
			);
			path = GeoFireTests;
			sourceTree = "<group>";
		};
		FBA358D619655FED00A86282 /* Supporting Files */ = {
			isa = PBXGroup;
			children = (
				FBA358D819655FED00A86282 /* InfoPlist.strings */,
			);
			name = "Supporting Files";
			sourceTree = "<group>";
		};
/* End PBXGroup section */

/* Begin PBXHeadersBuildPhase section */
		8D8A0C2B22BAD8120052675A /* Headers */ = {
			isa = PBXHeadersBuildPhase;
			buildActionMask = 2147483647;
			files = (
				8D8A0C4022BAD8120052675A /* GeoFire_framework.h in Headers */,
			);
			runOnlyForDeploymentPostprocessing = 0;
		};
		FBA358E51965605000A86282 /* Headers */ = {
			isa = PBXHeadersBuildPhase;
			buildActionMask = 2147483647;
			files = (
				8D8A0C2A22BAB2E30052675A /* GeoFire.h in Headers */,
				FBA3590E1965CAE800A86282 /* GFQuery+Private.h in Headers */,
				FBA358ED1965683400A86282 /* GFQuery.h in Headers */,
				88FE419A255AF19D007CD30B /* GFGeoQueryBounds.h in Headers */,
				FB3B32BF196FF07000E47633 /* GFCircleQuery.h in Headers */,
				FB3B32C4197001C500E47633 /* GFRegionQuery.h in Headers */,
				FBA358F1196573A700A86282 /* GFGeoHash.h in Headers */,
				88E2DDBF2555A1D10074B534 /* GFUtils.h in Headers */,
				FBA35912196A978100A86282 /* GFGeoHashQuery.h in Headers */,
				FBA35919196AA43100A86282 /* GFBase32Utils.h in Headers */,
			);
			runOnlyForDeploymentPostprocessing = 0;
		};
/* End PBXHeadersBuildPhase section */

/* Begin PBXNativeTarget section */
		8D8A0C2F22BAD8120052675A /* GeoFire-framework */ = {
			isa = PBXNativeTarget;
			buildConfigurationList = 8D8A0C4122BAD8120052675A /* Build configuration list for PBXNativeTarget "GeoFire-framework" */;
			buildPhases = (
				8D8A0C2B22BAD8120052675A /* Headers */,
				8D8A0C2C22BAD8120052675A /* Sources */,
				8D8A0C2D22BAD8120052675A /* Frameworks */,
				8D8A0C2E22BAD8120052675A /* Resources */,
			);
			buildRules = (
			);
			dependencies = (
				8D8A0C4822BAD8200052675A /* PBXTargetDependency */,
			);
			name = "GeoFire-framework";
			productName = "GeoFire-framework";
			productReference = 8D8A0C3022BAD8120052675A /* GeoFire_framework.framework */;
			productType = "com.apple.product-type.framework";
		};
		FBA358BB19655FED00A86282 /* GeoFire */ = {
			isa = PBXNativeTarget;
			buildConfigurationList = FBA358DF19655FED00A86282 /* Build configuration list for PBXNativeTarget "GeoFire" */;
			buildPhases = (
				9DEEF31FA1B38C2C5A335363 /* [CP] Check Pods Manifest.lock */,
				FBA358B819655FED00A86282 /* Sources */,
				FBA358B919655FED00A86282 /* Frameworks */,
				FBA358BA19655FED00A86282 /* CopyFiles */,
				FBA358E51965605000A86282 /* Headers */,
				FB8C87EE196AF7270061AC0F /* ShellScript */,
			);
			buildRules = (
			);
			dependencies = (
			);
			name = GeoFire;
			productName = GeoFire;
			productReference = FBA358BC19655FED00A86282 /* libGeoFire.a */;
			productType = "com.apple.product-type.library.static";
		};
		FBA358CB19655FED00A86282 /* GeoFireTests */ = {
			isa = PBXNativeTarget;
			buildConfigurationList = FBA358E219655FED00A86282 /* Build configuration list for PBXNativeTarget "GeoFireTests" */;
			buildPhases = (
				200FAA13B8732BB52CAAD1FB /* [CP] Check Pods Manifest.lock */,
				FBA358C819655FED00A86282 /* Sources */,
				FBA358C919655FED00A86282 /* Frameworks */,
				FBA358CA19655FED00A86282 /* Resources */,
			);
			buildRules = (
			);
			dependencies = (
				FBA358D319655FED00A86282 /* PBXTargetDependency */,
			);
			name = GeoFireTests;
			productName = GeoFireTests;
			productReference = FBA358CC19655FED00A86282 /* GeoFireTests.xctest */;
			productType = "com.apple.product-type.bundle.unit-test";
		};
/* End PBXNativeTarget section */

/* Begin PBXProject section */
		FBA358B419655FED00A86282 /* Project object */ = {
			isa = PBXProject;
			attributes = {
				CLASSPREFIX = GF;
				LastUpgradeCheck = 1130;
				ORGANIZATIONNAME = Firebase;
				TargetAttributes = {
					8D8A0C2F22BAD8120052675A = {
						CreatedOnToolsVersion = 10.2;
					};
				};
			};
			buildConfigurationList = FBA358B719655FED00A86282 /* Build configuration list for PBXProject "GeoFire" */;
			compatibilityVersion = "Xcode 9.3";
			developmentRegion = en;
			hasScannedForEncodings = 0;
			knownRegions = (
				en,
				Base,
			);
			mainGroup = FBA358B319655FED00A86282;
			productRefGroup = FBA358BD19655FED00A86282 /* Products */;
			projectDirPath = "";
			projectRoot = "";
			targets = (
				FBA358BB19655FED00A86282 /* GeoFire */,
				FBA358CB19655FED00A86282 /* GeoFireTests */,
				8D8A0C2F22BAD8120052675A /* GeoFire-framework */,
			);
		};
/* End PBXProject section */

/* Begin PBXResourcesBuildPhase section */
		8D8A0C2E22BAD8120052675A /* Resources */ = {
			isa = PBXResourcesBuildPhase;
			buildActionMask = 2147483647;
			files = (
			);
			runOnlyForDeploymentPostprocessing = 0;
		};
		FBA358CA19655FED00A86282 /* Resources */ = {
			isa = PBXResourcesBuildPhase;
			buildActionMask = 2147483647;
			files = (
				FBA358DA19655FED00A86282 /* InfoPlist.strings in Resources */,
			);
			runOnlyForDeploymentPostprocessing = 0;
		};
/* End PBXResourcesBuildPhase section */

/* Begin PBXShellScriptBuildPhase section */
		200FAA13B8732BB52CAAD1FB /* [CP] Check Pods Manifest.lock */ = {
			isa = PBXShellScriptBuildPhase;
			buildActionMask = 2147483647;
			files = (
			);
			inputFileListPaths = (
			);
			inputPaths = (
				"${PODS_PODFILE_DIR_PATH}/Podfile.lock",
				"${PODS_ROOT}/Manifest.lock",
			);
			name = "[CP] Check Pods Manifest.lock";
			outputFileListPaths = (
			);
			outputPaths = (
				"$(DERIVED_FILE_DIR)/Pods-GeoFireTests-checkManifestLockResult.txt",
			);
			runOnlyForDeploymentPostprocessing = 0;
			shellPath = /bin/sh;
			shellScript = "diff \"${PODS_PODFILE_DIR_PATH}/Podfile.lock\" \"${PODS_ROOT}/Manifest.lock\" > /dev/null\nif [ $? != 0 ] ; then\n    # print error to STDERR\n    echo \"error: The sandbox is not in sync with the Podfile.lock. Run 'pod install' or update your CocoaPods installation.\" >&2\n    exit 1\nfi\n# This output is used by Xcode 'outputs' to avoid re-running this script phase.\necho \"SUCCESS\" > \"${SCRIPT_OUTPUT_FILE_0}\"\n";
			showEnvVarsInLog = 0;
		};
		9DEEF31FA1B38C2C5A335363 /* [CP] Check Pods Manifest.lock */ = {
			isa = PBXShellScriptBuildPhase;
			buildActionMask = 2147483647;
			files = (
			);
			inputFileListPaths = (
			);
			inputPaths = (
				"${PODS_PODFILE_DIR_PATH}/Podfile.lock",
				"${PODS_ROOT}/Manifest.lock",
			);
			name = "[CP] Check Pods Manifest.lock";
			outputFileListPaths = (
			);
			outputPaths = (
				"$(DERIVED_FILE_DIR)/Pods-GeoFire-checkManifestLockResult.txt",
			);
			runOnlyForDeploymentPostprocessing = 0;
			shellPath = /bin/sh;
			shellScript = "diff \"${PODS_PODFILE_DIR_PATH}/Podfile.lock\" \"${PODS_ROOT}/Manifest.lock\" > /dev/null\nif [ $? != 0 ] ; then\n    # print error to STDERR\n    echo \"error: The sandbox is not in sync with the Podfile.lock. Run 'pod install' or update your CocoaPods installation.\" >&2\n    exit 1\nfi\n# This output is used by Xcode 'outputs' to avoid re-running this script phase.\necho \"SUCCESS\" > \"${SCRIPT_OUTPUT_FILE_0}\"\n";
			showEnvVarsInLog = 0;
		};
		FB8C87EE196AF7270061AC0F /* ShellScript */ = {
			isa = PBXShellScriptBuildPhase;
			buildActionMask = 2147483647;
			files = (
			);
			inputPaths = (
			);
			outputPaths = (
			);
			runOnlyForDeploymentPostprocessing = 0;
			shellPath = /bin/sh;
			shellScript = "set -e\n\nexport FRAMEWORK_LOCN=\"${BUILT_PRODUCTS_DIR}/${PRODUCT_NAME}.framework\"\n\n# Create the path to the real Headers die\nmkdir -p \"${FRAMEWORK_LOCN}/Versions/A/Headers\"\n\n# Create the required symlinks\n/bin/ln -sfh A \"${FRAMEWORK_LOCN}/Versions/Current\"\n/bin/ln -sfh Versions/Current/Headers \"${FRAMEWORK_LOCN}/Headers\"\n/bin/ln -sfh \"Versions/Current/${PRODUCT_NAME}\" \\\n             \"${FRAMEWORK_LOCN}/${PRODUCT_NAME}\"\n\n# Copy the public headers into the framework\n/bin/cp -a \"${TARGET_BUILD_DIR}/${PUBLIC_HEADERS_FOLDER_PATH}/\" \\\n           \"${FRAMEWORK_LOCN}/Versions/A/Headers\"";
		};
/* End PBXShellScriptBuildPhase section */

/* Begin PBXSourcesBuildPhase section */
		8D8A0C2C22BAD8120052675A /* Sources */ = {
			isa = PBXSourcesBuildPhase;
			buildActionMask = 2147483647;
			files = (
			);
			runOnlyForDeploymentPostprocessing = 0;
		};
		FBA358B819655FED00A86282 /* Sources */ = {
			isa = PBXSourcesBuildPhase;
			buildActionMask = 2147483647;
			files = (
				88E2DDBA2555A0CB0074B534 /* GFUtils.m in Sources */,
				FBA358F2196573A700A86282 /* GFGeoHash.m in Sources */,
				88FE4191255AEE00007CD30B /* GFGeoQueryBounds.m in Sources */,
				FBA3591A196AA43100A86282 /* GFBase32Utils.m in Sources */,
				FBA35913196A978100A86282 /* GFGeoHashQuery.m in Sources */,
				FBA358C719655FED00A86282 /* GeoFire.m in Sources */,
				FBA358EE1965683400A86282 /* GFQuery.m in Sources */,
			);
			runOnlyForDeploymentPostprocessing = 0;
		};
		FBA358C819655FED00A86282 /* Sources */ = {
			isa = PBXSourcesBuildPhase;
			buildActionMask = 2147483647;
			files = (
				FBA358F51965797C00A86282 /* GFGeoHashTest.m in Sources */,
				FB8C884F196D96180061AC0F /* GFRealDataTest.m in Sources */,
				FBA3591C196AAB6500A86282 /* GFGeoHashQueryTest.m in Sources */,
				88FE4170255ADAB8007CD30B /* GFUtilsTest.m in Sources */,
				38FC6CB71CFBF907002AB722 /* GFQueryTest.m in Sources */,
				38FC6CB01CFBE57C002AB722 /* GeoFireTest.m in Sources */,
				FB8C8849196D561D0061AC0F /* TestHelpers.m in Sources */,
			);
			runOnlyForDeploymentPostprocessing = 0;
		};
/* End PBXSourcesBuildPhase section */

/* Begin PBXTargetDependency section */
		8D8A0C4822BAD8200052675A /* PBXTargetDependency */ = {
			isa = PBXTargetDependency;
			target = FBA358BB19655FED00A86282 /* GeoFire */;
			targetProxy = 8D8A0C4722BAD8200052675A /* PBXContainerItemProxy */;
		};
		FBA358D319655FED00A86282 /* PBXTargetDependency */ = {
			isa = PBXTargetDependency;
			target = FBA358BB19655FED00A86282 /* GeoFire */;
			targetProxy = FBA358D219655FED00A86282 /* PBXContainerItemProxy */;
		};
/* End PBXTargetDependency section */

/* Begin PBXVariantGroup section */
		FBA358D819655FED00A86282 /* InfoPlist.strings */ = {
			isa = PBXVariantGroup;
			children = (
				FBA358D919655FED00A86282 /* en */,
			);
			name = InfoPlist.strings;
			sourceTree = "<group>";
		};
/* End PBXVariantGroup section */

/* Begin XCBuildConfiguration section */
		8D8A0C4222BAD8120052675A /* Debug */ = {
			isa = XCBuildConfiguration;
			buildSettings = {
				CLANG_ANALYZER_NONNULL = YES;
				CLANG_ANALYZER_NUMBER_OBJECT_CONVERSION = YES_AGGRESSIVE;
				CLANG_CXX_LANGUAGE_STANDARD = "gnu++14";
				CLANG_ENABLE_OBJC_WEAK = YES;
				CLANG_WARN_DOCUMENTATION_COMMENTS = YES;
				CLANG_WARN_UNGUARDED_AVAILABILITY = YES_AGGRESSIVE;
				CODE_SIGN_IDENTITY = "";
				CODE_SIGN_STYLE = Automatic;
				CURRENT_PROJECT_VERSION = 1;
				DEBUG_INFORMATION_FORMAT = dwarf;
				DEFINES_MODULE = YES;
				DYLIB_COMPATIBILITY_VERSION = 1;
				DYLIB_CURRENT_VERSION = 1;
				DYLIB_INSTALL_NAME_BASE = "@rpath";
				GCC_C_LANGUAGE_STANDARD = gnu11;
				INFOPLIST_FILE = "GeoFire-framework/Info.plist";
				INSTALL_PATH = "$(LOCAL_LIBRARY_DIR)/Frameworks";
				IPHONEOS_DEPLOYMENT_TARGET = 12.2;
				LD_RUNPATH_SEARCH_PATHS = (
					"$(inherited)",
					"@executable_path/Frameworks",
					"@loader_path/Frameworks",
				);
				MACH_O_TYPE = staticlib;
				MTL_ENABLE_DEBUG_INFO = INCLUDE_SOURCE;
				MTL_FAST_MATH = YES;
				PRODUCT_BUNDLE_IDENTIFIER = "com.firebase.GeoFire-framework";
				PRODUCT_NAME = "$(TARGET_NAME:c99extidentifier)";
				SKIP_INSTALL = YES;
				TARGETED_DEVICE_FAMILY = "1,2";
				VERSIONING_SYSTEM = "apple-generic";
				VERSION_INFO_PREFIX = "";
			};
			name = Debug;
		};
		8D8A0C4322BAD8120052675A /* Release */ = {
			isa = XCBuildConfiguration;
			buildSettings = {
				CLANG_ANALYZER_NONNULL = YES;
				CLANG_ANALYZER_NUMBER_OBJECT_CONVERSION = YES_AGGRESSIVE;
				CLANG_CXX_LANGUAGE_STANDARD = "gnu++14";
				CLANG_ENABLE_OBJC_WEAK = YES;
				CLANG_WARN_DOCUMENTATION_COMMENTS = YES;
				CLANG_WARN_UNGUARDED_AVAILABILITY = YES_AGGRESSIVE;
				CODE_SIGN_IDENTITY = "";
				CODE_SIGN_STYLE = Automatic;
				COPY_PHASE_STRIP = NO;
				CURRENT_PROJECT_VERSION = 1;
				DEBUG_INFORMATION_FORMAT = "dwarf-with-dsym";
				DEFINES_MODULE = YES;
				DYLIB_COMPATIBILITY_VERSION = 1;
				DYLIB_CURRENT_VERSION = 1;
				DYLIB_INSTALL_NAME_BASE = "@rpath";
				GCC_C_LANGUAGE_STANDARD = gnu11;
				INFOPLIST_FILE = "GeoFire-framework/Info.plist";
				INSTALL_PATH = "$(LOCAL_LIBRARY_DIR)/Frameworks";
				IPHONEOS_DEPLOYMENT_TARGET = 12.2;
				LD_RUNPATH_SEARCH_PATHS = (
					"$(inherited)",
					"@executable_path/Frameworks",
					"@loader_path/Frameworks",
				);
				MACH_O_TYPE = staticlib;
				MTL_ENABLE_DEBUG_INFO = NO;
				MTL_FAST_MATH = YES;
				PRODUCT_BUNDLE_IDENTIFIER = "com.firebase.GeoFire-framework";
				PRODUCT_NAME = "$(TARGET_NAME:c99extidentifier)";
				SKIP_INSTALL = YES;
				TARGETED_DEVICE_FAMILY = "1,2";
				VERSIONING_SYSTEM = "apple-generic";
				VERSION_INFO_PREFIX = "";
			};
			name = Release;
		};
		FBA358DD19655FED00A86282 /* Debug */ = {
			isa = XCBuildConfiguration;
			buildSettings = {
				ALWAYS_SEARCH_USER_PATHS = NO;
				CLANG_ANALYZER_LOCALIZABILITY_NONLOCALIZED = YES;
				CLANG_CXX_LANGUAGE_STANDARD = "gnu++0x";
				CLANG_CXX_LIBRARY = "libc++";
				CLANG_ENABLE_MODULES = YES;
				CLANG_ENABLE_OBJC_ARC = YES;
				CLANG_WARN_BLOCK_CAPTURE_AUTORELEASING = YES;
				CLANG_WARN_BOOL_CONVERSION = YES;
				CLANG_WARN_COMMA = YES;
				CLANG_WARN_CONSTANT_CONVERSION = YES;
				CLANG_WARN_DEPRECATED_OBJC_IMPLEMENTATIONS = YES;
				CLANG_WARN_DIRECT_OBJC_ISA_USAGE = YES_ERROR;
				CLANG_WARN_EMPTY_BODY = YES;
				CLANG_WARN_ENUM_CONVERSION = YES;
				CLANG_WARN_INFINITE_RECURSION = YES;
				CLANG_WARN_INT_CONVERSION = YES;
				CLANG_WARN_NON_LITERAL_NULL_CONVERSION = YES;
				CLANG_WARN_OBJC_IMPLICIT_RETAIN_SELF = YES;
				CLANG_WARN_OBJC_LITERAL_CONVERSION = YES;
				CLANG_WARN_OBJC_ROOT_CLASS = YES_ERROR;
				CLANG_WARN_RANGE_LOOP_ANALYSIS = YES;
				CLANG_WARN_STRICT_PROTOTYPES = YES;
				CLANG_WARN_SUSPICIOUS_MOVE = YES;
				CLANG_WARN_UNREACHABLE_CODE = YES;
				CLANG_WARN__DUPLICATE_METHOD_MATCH = YES;
				COPY_PHASE_STRIP = NO;
				ENABLE_STRICT_OBJC_MSGSEND = YES;
				ENABLE_TESTABILITY = YES;
				GCC_C_LANGUAGE_STANDARD = gnu99;
				GCC_DYNAMIC_NO_PIC = NO;
				GCC_NO_COMMON_BLOCKS = YES;
				GCC_OPTIMIZATION_LEVEL = 0;
				GCC_PREPROCESSOR_DEFINITIONS = (
					"DEBUG=1",
					"$(inherited)",
				);
				GCC_SYMBOLS_PRIVATE_EXTERN = NO;
				GCC_WARN_64_TO_32_BIT_CONVERSION = YES;
				GCC_WARN_ABOUT_RETURN_TYPE = YES_ERROR;
				GCC_WARN_UNDECLARED_SELECTOR = YES;
				GCC_WARN_UNINITIALIZED_AUTOS = YES_AGGRESSIVE;
				GCC_WARN_UNUSED_FUNCTION = YES;
				GCC_WARN_UNUSED_VARIABLE = YES;
				IPHONEOS_DEPLOYMENT_TARGET = 8.0;
				ONLY_ACTIVE_ARCH = YES;
				OTHER_CFLAGS = "-Wno-gnu";
				SDKROOT = iphoneos;
			};
			name = Debug;
		};
		FBA358DE19655FED00A86282 /* Release */ = {
			isa = XCBuildConfiguration;
			buildSettings = {
				ALWAYS_SEARCH_USER_PATHS = NO;
				CLANG_ANALYZER_LOCALIZABILITY_NONLOCALIZED = YES;
				CLANG_CXX_LANGUAGE_STANDARD = "gnu++0x";
				CLANG_CXX_LIBRARY = "libc++";
				CLANG_ENABLE_MODULES = YES;
				CLANG_ENABLE_OBJC_ARC = YES;
				CLANG_WARN_BLOCK_CAPTURE_AUTORELEASING = YES;
				CLANG_WARN_BOOL_CONVERSION = YES;
				CLANG_WARN_COMMA = YES;
				CLANG_WARN_CONSTANT_CONVERSION = YES;
				CLANG_WARN_DEPRECATED_OBJC_IMPLEMENTATIONS = YES;
				CLANG_WARN_DIRECT_OBJC_ISA_USAGE = YES_ERROR;
				CLANG_WARN_EMPTY_BODY = YES;
				CLANG_WARN_ENUM_CONVERSION = YES;
				CLANG_WARN_INFINITE_RECURSION = YES;
				CLANG_WARN_INT_CONVERSION = YES;
				CLANG_WARN_NON_LITERAL_NULL_CONVERSION = YES;
				CLANG_WARN_OBJC_IMPLICIT_RETAIN_SELF = YES;
				CLANG_WARN_OBJC_LITERAL_CONVERSION = YES;
				CLANG_WARN_OBJC_ROOT_CLASS = YES_ERROR;
				CLANG_WARN_RANGE_LOOP_ANALYSIS = YES;
				CLANG_WARN_STRICT_PROTOTYPES = YES;
				CLANG_WARN_SUSPICIOUS_MOVE = YES;
				CLANG_WARN_UNREACHABLE_CODE = YES;
				CLANG_WARN__DUPLICATE_METHOD_MATCH = YES;
				COPY_PHASE_STRIP = YES;
				ENABLE_NS_ASSERTIONS = NO;
				ENABLE_STRICT_OBJC_MSGSEND = YES;
				GCC_C_LANGUAGE_STANDARD = gnu99;
				GCC_NO_COMMON_BLOCKS = YES;
				GCC_WARN_64_TO_32_BIT_CONVERSION = YES;
				GCC_WARN_ABOUT_RETURN_TYPE = YES_ERROR;
				GCC_WARN_UNDECLARED_SELECTOR = YES;
				GCC_WARN_UNINITIALIZED_AUTOS = YES_AGGRESSIVE;
				GCC_WARN_UNUSED_FUNCTION = YES;
				GCC_WARN_UNUSED_VARIABLE = YES;
				IPHONEOS_DEPLOYMENT_TARGET = 8.0;
				OTHER_CFLAGS = "-Wno-gnu";
				SDKROOT = iphoneos;
				VALIDATE_PRODUCT = YES;
			};
			name = Release;
		};
		FBA358E019655FED00A86282 /* Debug */ = {
			isa = XCBuildConfiguration;
			baseConfigurationReference = A38E76CC7DA12FC1F1CB8532 /* Pods-GeoFire.debug.xcconfig */;
			buildSettings = {
				COPY_PHASE_STRIP = NO;
				DEAD_CODE_STRIPPING = NO;
				DSTROOT = /tmp/GeoFire.dst;
				FRAMEWORK_SEARCH_PATHS = (
					"$(SDKROOT)/Developer/Library/Frameworks",
					"$(inherited)",
					"$(DEVELOPER_FRAMEWORKS_DIR)",
					"$(PROJECT_DIR)/sdk",
					"$(PROJECT_DIR)",
				);
				GCC_PRECOMPILE_PREFIX_HEADER = YES;
				GCC_PREFIX_HEADER = "GeoFire/GeoFire-Prefix.pch";
				GCC_TREAT_WARNINGS_AS_ERRORS = YES;
				GCC_WARN_PEDANTIC = YES;
				OTHER_LDFLAGS = (
					"$(inherited)",
					"-ObjC",
				);
				PRODUCT_NAME = "$(TARGET_NAME)";
				PUBLIC_HEADERS_FOLDER_PATH = "include/$(PROJECT_NAME)";
				SKIP_INSTALL = YES;
				STRIP_STYLE = "non-global";
			};
			name = Debug;
		};
		FBA358E119655FED00A86282 /* Release */ = {
			isa = XCBuildConfiguration;
			baseConfigurationReference = 9FBDD33A8C895D2A5F756916 /* Pods-GeoFire.release.xcconfig */;
			buildSettings = {
				COPY_PHASE_STRIP = NO;
				DEAD_CODE_STRIPPING = NO;
				DSTROOT = /tmp/GeoFire.dst;
				FRAMEWORK_SEARCH_PATHS = (
					"$(SDKROOT)/Developer/Library/Frameworks",
					"$(inherited)",
					"$(DEVELOPER_FRAMEWORKS_DIR)",
					"$(PROJECT_DIR)/sdk",
					"$(PROJECT_DIR)",
				);
				GCC_PRECOMPILE_PREFIX_HEADER = YES;
				GCC_PREFIX_HEADER = "GeoFire/GeoFire-Prefix.pch";
				GCC_TREAT_WARNINGS_AS_ERRORS = YES;
				GCC_WARN_PEDANTIC = YES;
				OTHER_LDFLAGS = (
					"$(inherited)",
					"-ObjC",
				);
				PRODUCT_NAME = "$(TARGET_NAME)";
				PUBLIC_HEADERS_FOLDER_PATH = "include/$(PROJECT_NAME)";
				SKIP_INSTALL = YES;
				STRIP_STYLE = "non-global";
			};
			name = Release;
		};
		FBA358E319655FED00A86282 /* Debug */ = {
			isa = XCBuildConfiguration;
			baseConfigurationReference = 8160AC726231A16E7A6C7902 /* Pods-GeoFireTests.debug.xcconfig */;
			buildSettings = {
				DEVELOPMENT_TEAM = YGAZHQXHH4;
				FRAMEWORK_SEARCH_PATHS = (
					"$(inherited)",
					"$(DEVELOPER_FRAMEWORKS_DIR)",
				);
				GCC_PRECOMPILE_PREFIX_HEADER = YES;
				GCC_PREFIX_HEADER = "GeoFire/GeoFire-Prefix.pch";
				GCC_PREPROCESSOR_DEFINITIONS = (
					"DEBUG=1",
					"$(inherited)",
				);
				INFOPLIST_FILE = "GeoFireTests/GeoFireTests-Info.plist";
				LD_RUNPATH_SEARCH_PATHS = (
					"$(inherited)",
					"$(PODS_CONFIGURATION_BUILD_DIR)/GoogleUtilities",
					"$(PODS_CONFIGURATION_BUILD_DIR)/leveldb-library",
					"$(PODS_CONFIGURATION_BUILD_DIR)/nanopb",
				);
				OTHER_LDFLAGS = (
					"$(inherited)",
					"-framework",
					XCTest,
					"-ObjC",
					"-framework",
					FirebaseDatabase,
				);
				PRODUCT_BUNDLE_IDENTIFIER = "com.firebase.${PRODUCT_NAME:rfc1034identifier}";
				PRODUCT_NAME = "$(TARGET_NAME)";
				WRAPPER_EXTENSION = xctest;
			};
			name = Debug;
		};
		FBA358E419655FED00A86282 /* Release */ = {
			isa = XCBuildConfiguration;
			baseConfigurationReference = 175CE9FEE1AB366D88F05A39 /* Pods-GeoFireTests.release.xcconfig */;
			buildSettings = {
				DEVELOPMENT_TEAM = YGAZHQXHH4;
				FRAMEWORK_SEARCH_PATHS = (
					"$(inherited)",
					"$(DEVELOPER_FRAMEWORKS_DIR)",
				);
				GCC_PRECOMPILE_PREFIX_HEADER = YES;
				GCC_PREFIX_HEADER = "GeoFire/GeoFire-Prefix.pch";
				INFOPLIST_FILE = "GeoFireTests/GeoFireTests-Info.plist";
				LD_RUNPATH_SEARCH_PATHS = (
					"$(inherited)",
					"$(PODS_CONFIGURATION_BUILD_DIR)/GoogleUtilities",
					"$(PODS_CONFIGURATION_BUILD_DIR)/leveldb-library",
					"$(PODS_CONFIGURATION_BUILD_DIR)/nanopb",
				);
				OTHER_LDFLAGS = (
					"$(inherited)",
					"-framework",
					XCTest,
					"-ObjC",
					"-framework",
					FirebaseDatabase,
				);
				PRODUCT_BUNDLE_IDENTIFIER = "com.firebase.${PRODUCT_NAME:rfc1034identifier}";
				PRODUCT_NAME = "$(TARGET_NAME)";
				WRAPPER_EXTENSION = xctest;
			};
			name = Release;
		};
/* End XCBuildConfiguration section */

/* Begin XCConfigurationList section */
		8D8A0C4122BAD8120052675A /* Build configuration list for PBXNativeTarget "GeoFire-framework" */ = {
			isa = XCConfigurationList;
			buildConfigurations = (
				8D8A0C4222BAD8120052675A /* Debug */,
				8D8A0C4322BAD8120052675A /* Release */,
			);
			defaultConfigurationIsVisible = 0;
			defaultConfigurationName = Release;
		};
		FBA358B719655FED00A86282 /* Build configuration list for PBXProject "GeoFire" */ = {
			isa = XCConfigurationList;
			buildConfigurations = (
				FBA358DD19655FED00A86282 /* Debug */,
				FBA358DE19655FED00A86282 /* Release */,
			);
			defaultConfigurationIsVisible = 0;
			defaultConfigurationName = Release;
		};
		FBA358DF19655FED00A86282 /* Build configuration list for PBXNativeTarget "GeoFire" */ = {
			isa = XCConfigurationList;
			buildConfigurations = (
				FBA358E019655FED00A86282 /* Debug */,
				FBA358E119655FED00A86282 /* Release */,
			);
			defaultConfigurationIsVisible = 0;
			defaultConfigurationName = Release;
		};
		FBA358E219655FED00A86282 /* Build configuration list for PBXNativeTarget "GeoFireTests" */ = {
			isa = XCConfigurationList;
			buildConfigurations = (
				FBA358E319655FED00A86282 /* Debug */,
				FBA358E419655FED00A86282 /* Release */,
			);
			defaultConfigurationIsVisible = 0;
			defaultConfigurationName = Release;
		};
/* End XCConfigurationList section */
	};
	rootObject = FBA358B419655FED00A86282 /* Project object */;
}
